
Microsoft Visual Studio Solution File, Format Version 12.00
# Visual Studio 14
VisualStudioVersion = 14.0.23107.0
MinimumVisualStudioVersion = 10.0.40219.1
Project("{FAE04EC0-301F-11D3-BF4B-00C04F79EFBC}") = "AuthorizeLocker", "AuthorizeFreezer\AuthorizeLocker.csproj", "{305DA609-72C7-441B-85DE-85009C6206E1}"
EndProject
Project("{FAE04EC0-301F-11D3-BF4B-00C04F79EFBC}") = "Client", "Client\Client.csproj", "{73D0EBA2-112F-4EB6-B6A5-C202A82D10BA}"
EndProject
Project("{FAE04EC0-301F-11D3-BF4B-00C04F79EFBC}") = "ClinetAuthorizer", "ClinetAuthorizer\ClinetAuthorizer.csproj", "{D73D92E6-4D86-4CDD-9B01-9E5EC681EA6C}"
EndProject
Project("{FAE04EC0-301F-11D3-BF4B-00C04F79EFBC}") = "AuthorizeTests", "AuthorizeTests\AuthorizeTests.csproj", "{60582E0A-7773-4E82-AF5E-46E0E8FB95F3}"
EndProject
Global
	GlobalSection(SolutionConfigurationPlatforms) = preSolution
		Debug|Any CPU = Debug|Any CPU
		Release|Any CPU = Release|Any CPU
	EndGlobalSection
	GlobalSection(ProjectConfigurationPlatforms) = postSolution
		{305DA609-72C7-441B-85DE-85009C6206E1}.Debug|Any CPU.ActiveCfg = Debug|Any CPU
		{305DA609-72C7-441B-85DE-85009C6206E1}.Debug|Any CPU.Build.0 = Debug|Any CPU
		{305DA609-72C7-441B-85DE-85009C6206E1}.Release|Any CPU.ActiveCfg = Release|Any CPU
		{305DA609-72C7-441B-85DE-85009C6206E1}.Release|Any CPU.Build.0 = Release|Any CPU
		{73D0EBA2-112F-4EB6-B6A5-C202A82D10BA}.Debug|Any CPU.ActiveCfg = Debug|Any CPU
		{73D0EBA2-112F-4EB6-B6A5-C202A82D10BA}.Debug|Any CPU.Build.0 = Debug|Any CPU
		{73D0EBA2-112F-4EB6-B6A5-C202A82D10BA}.Release|Any CPU.ActiveCfg = Release|Any CPU
		{73D0EBA2-112F-4EB6-B6A5-C202A82D10BA}.Release|Any CPU.Build.0 = Release|Any CPU
		{D73D92E6-4D86-4CDD-9B01-9E5EC681EA6C}.Debug|Any CPU.ActiveCfg = Debug|Any CPU
		{D73D92E6-4D86-4CDD-9B01-9E5EC681EA6C}.Debug|Any CPU.Build.0 = Debug|Any CPU
		{D73D92E6-4D86-4CDD-9B01-9E5EC681EA6C}.Release|Any CPU.ActiveCfg = Release|Any CPU
		{D73D92E6-4D86-4CDD-9B01-9E5EC681EA6C}.Release|Any CPU.Build.0 = Release|Any CPU
		{60582E0A-7773-4E82-AF5E-46E0E8FB95F3}.Debug|Any CPU.ActiveCfg = Debug|Any CPU
		{60582E0A-7773-4E82-AF5E-46E0E8FB95F3}.Debug|Any CPU.Build.0 = Debug|Any CPU
		{60582E0A-7773-4E82-AF5E-46E0E8FB95F3}.Release|Any CPU.ActiveCfg = Release|Any CPU
		{60582E0A-7773-4E82-AF5E-46E0E8FB95F3}.Release|Any CPU.Build.0 = Release|Any CPU
	EndGlobalSection
	GlobalSection(SolutionProperties) = preSolution
		HideSolutionNode = FALSE
	EndGlobalSection
EndGlobal
